// !$*UTF8*$!
{
	archiveVersion = 1;
	classes = {
	};
	objectVersion = 46;
	objects = {

/* Begin PBXBuildFile section */
		CC39A8241E52515600115C9E /* AppDelegate.swift in Sources */ = {isa = PBXBuildFile; fileRef = CC39A8231E52515600115C9E /* AppDelegate.swift */; };
		CC39A8261E52515600115C9E /* ViewController.swift in Sources */ = {isa = PBXBuildFile; fileRef = CC39A8251E52515600115C9E /* ViewController.swift */; };
		CC39A8291E52515600115C9E /* Main.storyboard in Resources */ = {isa = PBXBuildFile; fileRef = CC39A8271E52515600115C9E /* Main.storyboard */; };
		CC39A82B1E52515600115C9E /* Assets.xcassets in Resources */ = {isa = PBXBuildFile; fileRef = CC39A82A1E52515600115C9E /* Assets.xcassets */; };
		CC39A82E1E52515600115C9E /* LaunchScreen.storyboard in Resources */ = {isa = PBXBuildFile; fileRef = CC39A82C1E52515600115C9E /* LaunchScreen.storyboard */; };
		CC39A8391E52515700115C9E /* ButtonFunIOS290Tests.swift in Sources */ = {isa = PBXBuildFile; fileRef = CC39A8381E52515700115C9E /* ButtonFunIOS290Tests.swift */; };
		CC39A8441E52515700115C9E /* ButtonFunIOS290UITests.swift in Sources */ = {isa = PBXBuildFile; fileRef = CC39A8431E52515700115C9E /* ButtonFunIOS290UITests.swift */; };
/* End PBXBuildFile section */

/* Begin PBXContainerItemProxy section */
		CC39A8351E52515700115C9E /* PBXContainerItemProxy */ = {
			isa = PBXContainerItemProxy;
			containerPortal = CC39A8181E52515600115C9E /* Project object */;
			proxyType = 1;
			remoteGlobalIDString = CC39A81F1E52515600115C9E;
			remoteInfo = ButtonFunIOS290;
		};
		CC39A8401E52515700115C9E /* PBXContainerItemProxy */ = {
			isa = PBXContainerItemProxy;
			containerPortal = CC39A8181E52515600115C9E /* Project object */;
			proxyType = 1;
			remoteGlobalIDString = CC39A81F1E52515600115C9E;
			remoteInfo = ButtonFunIOS290;
		};
/* End PBXContainerItemProxy section */

/* Begin PBXFileReference section */
		CC39A8201E52515600115C9E /* ButtonFunIOS290.app */ = {isa = PBXFileReference; explicitFileType = wrapper.application; includeInIndex = 0; path = ButtonFunIOS290.app; sourceTree = BUILT_PRODUCTS_DIR; };
		CC39A8231E52515600115C9E /* AppDelegate.swift */ = {isa = PBXFileReference; lastKnownFileType = sourcecode.swift; path = AppDelegate.swift; sourceTree = "<group>"; };
		CC39A8251E52515600115C9E /* ViewController.swift */ = {isa = PBXFileReference; lastKnownFileType = sourcecode.swift; path = ViewController.swift; sourceTree = "<group>"; };
		CC39A8281E52515600115C9E /* Base */ = {isa = PBXFileReference; lastKnownFileType = file.storyboard; name = Base; path = Base.lproj/Main.storyboard; sourceTree = "<group>"; };
		CC39A82A1E52515600115C9E /* Assets.xcassets */ = {isa = PBXFileReference; lastKnownFileType = folder.assetcatalog; path = Assets.xcassets; sourceTree = "<group>"; };
		CC39A82D1E52515600115C9E /* Base */ = {isa = PBXFileReference; lastKnownFileType = file.storyboard; name = Base; path = Base.lproj/LaunchScreen.storyboard; sourceTree = "<group>"; };
		CC39A82F1E52515600115C9E /* Info.plist */ = {isa = PBXFileReference; lastKnownFileType = text.plist.xml; path = Info.plist; sourceTree = "<group>"; };
		CC39A8341E52515700115C9E /* ButtonFunIOS290Tests.xctest */ = {isa = PBXFileReference; explicitFileType = wrapper.cfbundle; includeInIndex = 0; path = ButtonFunIOS290Tests.xctest; sourceTree = BUILT_PRODUCTS_DIR; };
		CC39A8381E52515700115C9E /* ButtonFunIOS290Tests.swift */ = {isa = PBXFileReference; lastKnownFileType = sourcecode.swift; path = ButtonFunIOS290Tests.swift; sourceTree = "<group>"; };
		CC39A83A1E52515700115C9E /* Info.plist */ = {isa = PBXFileReference; lastKnownFileType = text.plist.xml; path = Info.plist; sourceTree = "<group>"; };
		CC39A83F1E52515700115C9E /* ButtonFunIOS290UITests.xctest */ = {isa = PBXFileReference; explicitFileType = wrapper.cfbundle; includeInIndex = 0; path = ButtonFunIOS290UITests.xctest; sourceTree = BUILT_PRODUCTS_DIR; };
		CC39A8431E52515700115C9E /* ButtonFunIOS290UITests.swift */ = {isa = PBXFileReference; lastKnownFileType = sourcecode.swift; path = ButtonFunIOS290UITests.swift; sourceTree = "<group>"; };
		CC39A8451E52515700115C9E /* Info.plist */ = {isa = PBXFileReference; lastKnownFileType = text.plist.xml; path = Info.plist; sourceTree = "<group>"; };
/* End PBXFileReference section */

/* Begin PBXFrameworksBuildPhase section */
		CC39A81D1E52515600115C9E /* Frameworks */ = {
			isa = PBXFrameworksBuildPhase;
			buildActionMask = 2147483647;
			files = (
			);
			runOnlyForDeploymentPostprocessing = 0;
		};
		CC39A8311E52515700115C9E /* Frameworks */ = {
			isa = PBXFrameworksBuildPhase;
			buildActionMask = 2147483647;
			files = (
			);
			runOnlyForDeploymentPostprocessing = 0;
		};
		CC39A83C1E52515700115C9E /* Frameworks */ = {
			isa = PBXFrameworksBuildPhase;
			buildActionMask = 2147483647;
			files = (
			);
			runOnlyForDeploymentPostprocessing = 0;
		};
/* End PBXFrameworksBuildPhase section */

/* Begin PBXGroup section */
		CC39A8171E52515600115C9E = {
			isa = PBXGroup;
			children = (
				CC39A8221E52515600115C9E /* ButtonFunIOS290 */,
				CC39A8371E52515700115C9E /* ButtonFunIOS290Tests */,
				CC39A8421E52515700115C9E /* ButtonFunIOS290UITests */,
				CC39A8211E52515600115C9E /* Products */,
			);
			sourceTree = "<group>";
		};
		CC39A8211E52515600115C9E /* Products */ = {
			isa = PBXGroup;
			children = (
				CC39A8201E52515600115C9E /* ButtonFunIOS290.app */,
				CC39A8341E52515700115C9E /* ButtonFunIOS290Tests.xctest */,
				CC39A83F1E52515700115C9E /* ButtonFunIOS290UITests.xctest */,
			);
			name = Products;
			sourceTree = "<group>";
		};
		CC39A8221E52515600115C9E /* ButtonFunIOS290 */ = {
			isa = PBXGroup;
			children = (
				CC39A8231E52515600115C9E /* AppDelegate.swift */,
				CC39A8251E52515600115C9E /* ViewController.swift */,
				CC39A8271E52515600115C9E /* Main.storyboard */,
				CC39A82A1E52515600115C9E /* Assets.xcassets */,
				CC39A82C1E52515600115C9E /* LaunchScreen.storyboard */,
				CC39A82F1E52515600115C9E /* Info.plist */,
			);
			path = ButtonFunIOS290;
			sourceTree = "<group>";
		};
		CC39A8371E52515700115C9E /* ButtonFunIOS290Tests */ = {
			isa = PBXGroup;
			children = (
				CC39A8381E52515700115C9E /* ButtonFunIOS290Tests.swift */,
				CC39A83A1E52515700115C9E /* Info.plist */,
			);
			path = ButtonFunIOS290Tests;
			sourceTree = "<group>";
		};
		CC39A8421E52515700115C9E /* ButtonFunIOS290UITests */ = {
			isa = PBXGroup;
			children = (
				CC39A8431E52515700115C9E /* ButtonFunIOS290UITests.swift */,
				CC39A8451E52515700115C9E /* Info.plist */,
			);
			path = ButtonFunIOS290UITests;
			sourceTree = "<group>";
		};
/* End PBXGroup section */

/* Begin PBXNativeTarget section */
		CC39A81F1E52515600115C9E /* ButtonFunIOS290 */ = {
			isa = PBXNativeTarget;
			buildConfigurationList = CC39A8481E52515700115C9E /* Build configuration list for PBXNativeTarget "ButtonFunIOS290" */;
			buildPhases = (
				CC39A81C1E52515600115C9E /* Sources */,
				CC39A81D1E52515600115C9E /* Frameworks */,
				CC39A81E1E52515600115C9E /* Resources */,
			);
			buildRules = (
			);
			dependencies = (
			);
			name = ButtonFunIOS290;
			productName = ButtonFunIOS290;
			productReference = CC39A8201E52515600115C9E /* ButtonFunIOS290.app */;
			productType = "com.apple.product-type.application";
		};
		CC39A8331E52515700115C9E /* ButtonFunIOS290Tests */ = {
			isa = PBXNativeTarget;
			buildConfigurationList = CC39A84B1E52515700115C9E /* Build configuration list for PBXNativeTarget "ButtonFunIOS290Tests" */;
			buildPhases = (
				CC39A8301E52515700115C9E /* Sources */,
				CC39A8311E52515700115C9E /* Frameworks */,
				CC39A8321E52515700115C9E /* Resources */,
			);
			buildRules = (
			);
			dependencies = (
				CC39A8361E52515700115C9E /* PBXTargetDependency */,
			);
			name = ButtonFunIOS290Tests;
			productName = ButtonFunIOS290Tests;
			productReference = CC39A8341E52515700115C9E /* ButtonFunIOS290Tests.xctest */;
			productType = "com.apple.product-type.bundle.unit-test";
		};
		CC39A83E1E52515700115C9E /* ButtonFunIOS290UITests */ = {
			isa = PBXNativeTarget;
			buildConfigurationList = CC39A84E1E52515700115C9E /* Build configuration list for PBXNativeTarget "ButtonFunIOS290UITests" */;
			buildPhases = (
				CC39A83B1E52515700115C9E /* Sources */,
				CC39A83C1E52515700115C9E /* Frameworks */,
				CC39A83D1E52515700115C9E /* Resources */,
			);
			buildRules = (
			);
			dependencies = (
				CC39A8411E52515700115C9E /* PBXTargetDependency */,
			);
			name = ButtonFunIOS290UITests;
			productName = ButtonFunIOS290UITests;
			productReference = CC39A83F1E52515700115C9E /* ButtonFunIOS290UITests.xctest */;
			productType = "com.apple.product-type.bundle.ui-testing";
		};
/* End PBXNativeTarget section */

/* Begin PBXProject section */
		CC39A8181E52515600115C9E /* Project object */ = {
			isa = PBXProject;
			attributes = {
				LastSwiftUpdateCheck = 0820;
				LastUpgradeCheck = 0820;
				ORGANIZATIONNAME = "Dylan Sebastian Weaver";
				TargetAttributes = {
					CC39A81F1E52515600115C9E = {
						CreatedOnToolsVersion = 8.2;
						ProvisioningStyle = Automatic;
					};
					CC39A8331E52515700115C9E = {
						CreatedOnToolsVersion = 8.2;
						ProvisioningStyle = Automatic;
						TestTargetID = CC39A81F1E52515600115C9E;
					};
					CC39A83E1E52515700115C9E = {
						CreatedOnToolsVersion = 8.2;
						ProvisioningStyle = Automatic;
						TestTargetID = CC39A81F1E52515600115C9E;
					};
				};
			};
			buildConfigurationList = CC39A81B1E52515600115C9E /* Build configuration list for PBXProject "ButtonFunIOS290" */;
			compatibilityVersion = "Xcode 3.2";
			developmentRegion = English;
			hasScannedForEncodings = 0;
			knownRegions = (
				en,
				Base,
			);
			mainGroup = CC39A8171E52515600115C9E;
			productRefGroup = CC39A8211E52515600115C9E /* Products */;
			projectDirPath = "";
			projectRoot = "";
			targets = (
				CC39A81F1E52515600115C9E /* ButtonFunIOS290 */,
				CC39A8331E52515700115C9E /* ButtonFunIOS290Tests */,
				CC39A83E1E52515700115C9E /* ButtonFunIOS290UITests */,
			);
		};
/* End PBXProject section */

/* Begin PBXResourcesBuildPhase section */
		CC39A81E1E52515600115C9E /* Resources */ = {
			isa = PBXResourcesBuildPhase;
			buildActionMask = 2147483647;
			files = (
				CC39A82E1E52515600115C9E /* LaunchScreen.storyboard in Resources */,
				CC39A82B1E52515600115C9E /* Assets.xcassets in Resources */,
				CC39A8291E52515600115C9E /* Main.storyboard in Resources */,
			);
			runOnlyForDeploymentPostprocessing = 0;
		};
		CC39A8321E52515700115C9E /* Resources */ = {
			isa = PBXResourcesBuildPhase;
			buildActionMask = 2147483647;
			files = (
			);
			runOnlyForDeploymentPostprocessing = 0;
		};
		CC39A83D1E52515700115C9E /* Resources */ = {
			isa = PBXResourcesBuildPhase;
			buildActionMask = 2147483647;
			files = (
			);
			runOnlyForDeploymentPostprocessing = 0;
		};
/* End PBXResourcesBuildPhase section */

/* Begin PBXSourcesBuildPhase section */
		CC39A81C1E52515600115C9E /* Sources */ = {
			isa = PBXSourcesBuildPhase;
			buildActionMask = 2147483647;
			files = (
				CC39A8261E52515600115C9E /* ViewController.swift in Sources */,
				CC39A8241E52515600115C9E /* AppDelegate.swift in Sources */,
			);
			runOnlyForDeploymentPostprocessing = 0;
		};
		CC39A8301E52515700115C9E /* Sources */ = {
			isa = PBXSourcesBuildPhase;
			buildActionMask = 2147483647;
			files = (
				CC39A8391E52515700115C9E /* ButtonFunIOS290Tests.swift in Sources */,
			);
			runOnlyForDeploymentPostprocessing = 0;
		};
		CC39A83B1E52515700115C9E /* Sources */ = {
			isa = PBXSourcesBuildPhase;
			buildActionMask = 2147483647;
			files = (
				CC39A8441E52515700115C9E /* ButtonFunIOS290UITests.swift in Sources */,
			);
			runOnlyForDeploymentPostprocessing = 0;
		};
/* End PBXSourcesBuildPhase section */

/* Begin PBXTargetDependency section */
		CC39A8361E52515700115C9E /* PBXTargetDependency */ = {
			isa = PBXTargetDependency;
			target = CC39A81F1E52515600115C9E /* ButtonFunIOS290 */;
			targetProxy = CC39A8351E52515700115C9E /* PBXContainerItemProxy */;
		};
		CC39A8411E52515700115C9E /* PBXTargetDependency */ = {
			isa = PBXTargetDependency;
			target = CC39A81F1E52515600115C9E /* ButtonFunIOS290 */;
			targetProxy = CC39A8401E52515700115C9E /* PBXContainerItemProxy */;
		};
/* End PBXTargetDependency section */

/* Begin PBXVariantGroup section */
		CC39A8271E52515600115C9E /* Main.storyboard */ = {
			isa = PBXVariantGroup;
			children = (
				CC39A8281E52515600115C9E /* Base */,
			);
			name = Main.storyboard;
			sourceTree = "<group>";
		};
		CC39A82C1E52515600115C9E /* LaunchScreen.storyboard */ = {
			isa = PBXVariantGroup;
			children = (
				CC39A82D1E52515600115C9E /* Base */,
			);
			name = LaunchScreen.storyboard;
			sourceTree = "<group>";
		};
/* End PBXVariantGroup section */

/* Begin XCBuildConfiguration section */
		CC39A8461E52515700115C9E /* Debug */ = {
			isa = XCBuildConfiguration;
			buildSettings = {
				ALWAYS_SEARCH_USER_PATHS = NO;
				CLANG_ANALYZER_NONNULL = YES;
				CLANG_CXX_LANGUAGE_STANDARD = "gnu++0x";
				CLANG_CXX_LIBRARY = "libc++";
				CLANG_ENABLE_MODULES = YES;
				CLANG_ENABLE_OBJC_ARC = YES;
				CLANG_WARN_BOOL_CONVERSION = YES;
				CLANG_WARN_CONSTANT_CONVERSION = YES;
				CLANG_WARN_DIRECT_OBJC_ISA_USAGE = YES_ERROR;
				CLANG_WARN_DOCUMENTATION_COMMENTS = YES;
				CLANG_WARN_EMPTY_BODY = YES;
				CLANG_WARN_ENUM_CONVERSION = YES;
				CLANG_WARN_INFINITE_RECURSION = YES;
				CLANG_WARN_INT_CONVERSION = YES;
				CLANG_WARN_OBJC_ROOT_CLASS = YES_ERROR;
				CLANG_WARN_SUSPICIOUS_MOVE = YES;
				CLANG_WARN_UNREACHABLE_CODE = YES;
				CLANG_WARN__DUPLICATE_METHOD_MATCH = YES;
				"CODE_SIGN_IDENTITY[sdk=iphoneos*]" = "iPhone Developer";
				COPY_PHASE_STRIP = NO;
				DEBUG_INFORMATION_FORMAT = dwarf;
				ENABLE_STRICT_OBJC_MSGSEND = YES;
				ENABLE_TESTABILITY = YES;
				GCC_C_LANGUAGE_STANDARD = gnu99;
				GCC_DYNAMIC_NO_PIC = NO;
				GCC_NO_COMMON_BLOCKS = YES;
				GCC_OPTIMIZATION_LEVEL = 0;
				GCC_PREPROCESSOR_DEFINITIONS = (
					"DEBUG=1",
					"$(inherited)",
				);
				GCC_WARN_64_TO_32_BIT_CONVERSION = YES;
				GCC_WARN_ABOUT_RETURN_TYPE = YES_ERROR;
				GCC_WARN_UNDECLARED_SELECTOR = YES;
				GCC_WARN_UNINITIALIZED_AUTOS = YES_AGGRESSIVE;
				GCC_WARN_UNUSED_FUNCTION = YES;
				GCC_WARN_UNUSED_VARIABLE = YES;
				IPHONEOS_DEPLOYMENT_TARGET = 10.2;
				MTL_ENABLE_DEBUG_INFO = YES;
				ONLY_ACTIVE_ARCH = YES;
				SDKROOT = iphoneos;
				SWIFT_ACTIVE_COMPILATION_CONDITIONS = DEBUG;
				SWIFT_OPTIMIZATION_LEVEL = "-Onone";
				TARGETED_DEVICE_FAMILY = "1,2";
			};
			name = Debug;
		};
		CC39A8471E52515700115C9E /* Release */ = {
			isa = XCBuildConfiguration;
			buildSettings = {
				ALWAYS_SEARCH_USER_PATHS = NO;
				CLANG_ANALYZER_NONNULL = YES;
				CLANG_CXX_LANGUAGE_STANDARD = "gnu++0x";
				CLANG_CXX_LIBRARY = "libc++";
				CLANG_ENABLE_MODULES = YES;
				CLANG_ENABLE_OBJC_ARC = YES;
				CLANG_WARN_BOOL_CONVERSION = YES;
				CLANG_WARN_CONSTANT_CONVERSION = YES;
				CLANG_WARN_DIRECT_OBJC_ISA_USAGE = YES_ERROR;
				CLANG_WARN_DOCUMENTATION_COMMENTS = YES;
				CLANG_WARN_EMPTY_BODY = YES;
				CLANG_WARN_ENUM_CONVERSION = YES;
				CLANG_WARN_INFINITE_RECURSION = YES;
				CLANG_WARN_INT_CONVERSION = YES;
				CLANG_WARN_OBJC_ROOT_CLASS = YES_ERROR;
				CLANG_WARN_SUSPICIOUS_MOVE = YES;
				CLANG_WARN_UNREACHABLE_CODE = YES;
				CLANG_WARN__DUPLICATE_METHOD_MATCH = YES;
				"CODE_SIGN_IDENTITY[sdk=iphoneos*]" = "iPhone Developer";
				COPY_PHASE_STRIP = NO;
				DEBUG_INFORMATION_FORMAT = "dwarf-with-dsym";
				ENABLE_NS_ASSERTIONS = NO;
				ENABLE_STRICT_OBJC_MSGSEND = YES;
				GCC_C_LANGUAGE_STANDARD = gnu99;
				GCC_NO_COMMON_BLOCKS = YES;
				GCC_WARN_64_TO_32_BIT_CONVERSION = YES;
				GCC_WARN_ABOUT_RETURN_TYPE = YES_ERROR;
				GCC_WARN_UNDECLARED_SELECTOR = YES;
				GCC_WARN_UNINITIALIZED_AUTOS = YES_AGGRESSIVE;
				GCC_WARN_UNUSED_FUNCTION = YES;
				GCC_WARN_UNUSED_VARIABLE = YES;
				IPHONEOS_DEPLOYMENT_TARGET = 10.2;
				MTL_ENABLE_DEBUG_INFO = NO;
				SDKROOT = iphoneos;
				SWIFT_OPTIMIZATION_LEVEL = "-Owholemodule";
				TARGETED_DEVICE_FAMILY = "1,2";
				VALIDATE_PRODUCT = YES;
			};
			name = Release;
		};
		CC39A8491E52515700115C9E /* Debug */ = {
			isa = XCBuildConfiguration;
			buildSettings = {
				ASSETCATALOG_COMPILER_APPICON_NAME = AppIcon;
				INFOPLIST_FILE = ButtonFunIOS290/Info.plist;
				LD_RUNPATH_SEARCH_PATHS = "$(inherited) @executable_path/Frameworks";
				PRODUCT_BUNDLE_IDENTIFIER = "Dylan-Weaver.ButtonFunIOS290";
				PRODUCT_NAME = "$(TARGET_NAME)";
				SWIFT_VERSION = 3.0;
			};
			name = Debug;
		};
		CC39A84A1E52515700115C9E /* Release */ = {
			isa = XCBuildConfiguration;
			buildSettings = {
				ASSETCATALOG_COMPILER_APPICON_NAME = AppIcon;
				INFOPLIST_FILE = ButtonFunIOS290/Info.plist;
				LD_RUNPATH_SEARCH_PATHS = "$(inherited) @executable_path/Frameworks";
				PRODUCT_BUNDLE_IDENTIFIER = "Dylan-Weaver.ButtonFunIOS290";
				PRODUCT_NAME = "$(TARGET_NAME)";
				SWIFT_VERSION = 3.0;
			};
			name = Release;
		};
		CC39A84C1E52515700115C9E /* Debug */ = {
			isa = XCBuildConfiguration;
			buildSettings = {
				ALWAYS_EMBED_SWIFT_STANDARD_LIBRARIES = YES;
				BUNDLE_LOADER = "$(TEST_HOST)";
				INFOPLIST_FILE = ButtonFunIOS290Tests/Info.plist;
				LD_RUNPATH_SEARCH_PATHS = "$(inherited) @executable_path/Frameworks @loader_path/Frameworks";
				PRODUCT_BUNDLE_IDENTIFIER = "Dylan-Weaver.ButtonFunIOS290Tests";
				PRODUCT_NAME = "$(TARGET_NAME)";
				SWIFT_VERSION = 3.0;
				TEST_HOST = "$(BUILT_PRODUCTS_DIR)/ButtonFunIOS290.app/ButtonFunIOS290";
			};
			name = Debug;
		};
		CC39A84D1E52515700115C9E /* Release */ = {
			isa = XCBuildConfiguration;
			buildSettings = {
				ALWAYS_EMBED_SWIFT_STANDARD_LIBRARIES = YES;
				BUNDLE_LOADER = "$(TEST_HOST)";
				INFOPLIST_FILE = ButtonFunIOS290Tests/Info.plist;
				LD_RUNPATH_SEARCH_PATHS = "$(inherited) @executable_path/Frameworks @loader_path/Frameworks";
				PRODUCT_BUNDLE_IDENTIFIER = "Dylan-Weaver.ButtonFunIOS290Tests";
				PRODUCT_NAME = "$(TARGET_NAME)";
				SWIFT_VERSION = 3.0;
				TEST_HOST = "$(BUILT_PRODUCTS_DIR)/ButtonFunIOS290.app/ButtonFunIOS290";
			};
			name = Release;
		};
		CC39A84F1E52515700115C9E /* Debug */ = {
			isa = XCBuildConfiguration;
			buildSettings = {
				ALWAYS_EMBED_SWIFT_STANDARD_LIBRARIES = YES;
				INFOPLIST_FILE = ButtonFunIOS290UITests/Info.plist;
				LD_RUNPATH_SEARCH_PATHS = "$(inherited) @executable_path/Frameworks @loader_path/Frameworks";
				PRODUCT_BUNDLE_IDENTIFIER = "Dylan-Weaver.ButtonFunIOS290UITests";
				PRODUCT_NAME = "$(TARGET_NAME)";
				SWIFT_VERSION = 3.0;
				TEST_TARGET_NAME = ButtonFunIOS290;
			};
			name = Debug;
		};
		CC39A8501E52515700115C9E /* Release */ = {
			isa = XCBuildConfiguration;
			buildSettings = {
				ALWAYS_EMBED_SWIFT_STANDARD_LIBRARIES = YES;
				INFOPLIST_FILE = ButtonFunIOS290UITests/Info.plist;
				LD_RUNPATH_SEARCH_PATHS = "$(inherited) @executable_path/Frameworks @loader_path/Frameworks";
				PRODUCT_BUNDLE_IDENTIFIER = "Dylan-Weaver.ButtonFunIOS290UITests";
				PRODUCT_NAME = "$(TARGET_NAME)";
				SWIFT_VERSION = 3.0;
				TEST_TARGET_NAME = ButtonFunIOS290;
			};
			name = Release;
		};
/* End XCBuildConfiguration section */

/* Begin XCConfigurationList section */
		CC39A81B1E52515600115C9E /* Build configuration list for PBXProject "ButtonFunIOS290" */ = {
			isa = XCConfigurationList;
			buildConfigurations = (
				CC39A8461E52515700115C9E /* Debug */,
				CC39A8471E52515700115C9E /* Release */,
			);
			defaultConfigurationIsVisible = 0;
			defaultConfigurationName = Release;
		};
		CC39A8481E52515700115C9E /* Build configuration list for PBXNativeTarget "ButtonFunIOS290" */ = {
			isa = XCConfigurationList;
			buildConfigurations = (
				CC39A8491E52515700115C9E /* Debug */,
				CC39A84A1E52515700115C9E /* Release */,
			);
			defaultConfigurationIsVisible = 0;
		};
		CC39A84B1E52515700115C9E /* Build configuration list for PBXNativeTarget "ButtonFunIOS290Tests" */ = {
			isa = XCConfigurationList;
			buildConfigurations = (
				CC39A84C1E52515700115C9E /* Debug */,
				CC39A84D1E52515700115C9E /* Release */,
			);
			defaultConfigurationIsVisible = 0;
		};
		CC39A84E1E52515700115C9E /* Build configuration list for PBXNativeTarget "ButtonFunIOS290UITests" */ = {
			isa = XCConfigurationList;
			buildConfigurations = (
				CC39A84F1E52515700115C9E /* Debug */,
				CC39A8501E52515700115C9E /* Release */,
			);
			defaultConfigurationIsVisible = 0;
		};
/* End XCConfigurationList section */
	};
	rootObject = CC39A8181E52515600115C9E /* Project object */;
}
